
Microsoft Visual Studio Solution File, Format Version 12.00
# Visual Studio Version 17
VisualStudioVersion = 17.10.35013.160
MinimumVisualStudioVersion = 10.0.40219.1
Project("{9A19103F-16F7-4668-BE54-9A1E7A4F7556}") = "Survey", "Survey\Survey.csproj", "{EA577335-4B36-4D8E-8AAC-F796AAB73F17}"
EndProject
Project("{FAE04EC0-301F-11D3-BF4B-00C04F79EFBC}") = "Survey.tests", "Survey.tests\Survey.tests.csproj", "{3C2DDB50-DDA1-4C97-AA39-4D93F946A963}"
EndProject
Global
	GlobalSection(SolutionConfigurationPlatforms) = preSolution
		Debug|Any CPU = Debug|Any CPU
		Release|Any CPU = Release|Any CPU
	EndGlobalSection
	GlobalSection(ProjectConfigurationPlatforms) = postSolution
		{EA577335-4B36-4D8E-8AAC-F796AAB73F17}.Debug|Any CPU.ActiveCfg = Debug|Any CPU
		{EA577335-4B36-4D8E-8AAC-F796AAB73F17}.Debug|Any CPU.Build.0 = Debug|Any CPU
		{EA577335-4B36-4D8E-8AAC-F796AAB73F17}.Release|Any CPU.ActiveCfg = Release|Any CPU
		{EA577335-4B36-4D8E-8AAC-F796AAB73F17}.Release|Any CPU.Build.0 = Release|Any CPU
		{3C2DDB50-DDA1-4C97-AA39-4D93F946A963}.Debug|Any CPU.ActiveCfg = Debug|Any CPU
		{3C2DDB50-DDA1-4C97-AA39-4D93F946A963}.Debug|Any CPU.Build.0 = Debug|Any CPU
		{3C2DDB50-DDA1-4C97-AA39-4D93F946A963}.Release|Any CPU.ActiveCfg = Release|Any CPU
		{3C2DDB50-DDA1-4C97-AA39-4D93F946A963}.Release|Any CPU.Build.0 = Release|Any CPU
	EndGlobalSection
	GlobalSection(SolutionProperties) = preSolution
		HideSolutionNode = FALSE
	EndGlobalSection
	GlobalSection(ExtensibilityGlobals) = postSolution
		SolutionGuid = {AB569355-C54C-455D-91EB-BC7D13657F28}
	EndGlobalSection
EndGlobal
